
Microsoft Visual Studio Solution File, Format Version 12.00
Project("{F2A71F9B-5D33-465A-A702-920D77279786}") = "Parser", "Parser\Parser.fsproj", "{955E58C0-8AC4-4AB5-BF1B-BCA7DCA22259}"
EndProject
Project("{FAE04EC0-301F-11D3-BF4B-00C04F79EFBC}") = "Analyses", "Analyses\Analyses.csproj", "{3BDC1488-74E3-4426-9C64-2889A6C18F99}"
EndProject
Global
	GlobalSection(SolutionConfigurationPlatforms) = preSolution
		Debug|Any CPU = Debug|Any CPU
		Release|Any CPU = Release|Any CPU
	EndGlobalSection
	GlobalSection(ProjectConfigurationPlatforms) = postSolution
		{955E58C0-8AC4-4AB5-BF1B-BCA7DCA22259}.Debug|Any CPU.ActiveCfg = Debug|Any CPU
		{955E58C0-8AC4-4AB5-BF1B-BCA7DCA22259}.Debug|Any CPU.Build.0 = Debug|Any CPU
		{955E58C0-8AC4-4AB5-BF1B-BCA7DCA22259}.Release|Any CPU.ActiveCfg = Release|Any CPU
		{955E58C0-8AC4-4AB5-BF1B-BCA7DCA22259}.Release|Any CPU.Build.0 = Release|Any CPU
		{3BDC1488-74E3-4426-9C64-2889A6C18F99}.Debug|Any CPU.ActiveCfg = Debug|Any CPU
		{3BDC1488-74E3-4426-9C64-2889A6C18F99}.Debug|Any CPU.Build.0 = Debug|Any CPU
		{3BDC1488-74E3-4426-9C64-2889A6C18F99}.Release|Any CPU.ActiveCfg = Release|Any CPU
		{3BDC1488-74E3-4426-9C64-2889A6C18F99}.Release|Any CPU.Build.0 = Release|Any CPU
	EndGlobalSection
EndGlobal
